// !$*UTF8*$!
{
	archiveVersion = 1;
	classes = {
	};
	objectVersion = 46;
	objects = {

/* Begin PBXBuildFile section */
		F784FD441F0CD59E00A3E44C /* AppDelegate.swift in Sources */ = {isa = PBXBuildFile; fileRef = F784FD431F0CD59E00A3E44C /* AppDelegate.swift */; };
		F784FD461F0CD59E00A3E44C /* ViewController.swift in Sources */ = {isa = PBXBuildFile; fileRef = F784FD451F0CD59E00A3E44C /* ViewController.swift */; };
		F784FD491F0CD59E00A3E44C /* Main.storyboard in Resources */ = {isa = PBXBuildFile; fileRef = F784FD471F0CD59E00A3E44C /* Main.storyboard */; };
		F784FD4B1F0CD59E00A3E44C /* Assets.xcassets in Resources */ = {isa = PBXBuildFile; fileRef = F784FD4A1F0CD59E00A3E44C /* Assets.xcassets */; };
		F784FD4E1F0CD59E00A3E44C /* LaunchScreen.storyboard in Resources */ = {isa = PBXBuildFile; fileRef = F784FD4C1F0CD59E00A3E44C /* LaunchScreen.storyboard */; };
		F784FD591F0CD59E00A3E44C /* Cau2_GCD_NSURlSession_bTests.swift in Sources */ = {isa = PBXBuildFile; fileRef = F784FD581F0CD59E00A3E44C /* Cau2_GCD_NSURlSession_bTests.swift */; };
		F784FD641F0CD59E00A3E44C /* Cau2_GCD_NSURlSession_bUITests.swift in Sources */ = {isa = PBXBuildFile; fileRef = F784FD631F0CD59E00A3E44C /* Cau2_GCD_NSURlSession_bUITests.swift */; };
/* End PBXBuildFile section */

/* Begin PBXContainerItemProxy section */
		F784FD551F0CD59E00A3E44C /* PBXContainerItemProxy */ = {
			isa = PBXContainerItemProxy;
			containerPortal = F784FD381F0CD59E00A3E44C /* Project object */;
			proxyType = 1;
			remoteGlobalIDString = F784FD3F1F0CD59E00A3E44C;
			remoteInfo = Cau2_GCD_NSURlSession_b;
		};
		F784FD601F0CD59E00A3E44C /* PBXContainerItemProxy */ = {
			isa = PBXContainerItemProxy;
			containerPortal = F784FD381F0CD59E00A3E44C /* Project object */;
			proxyType = 1;
			remoteGlobalIDString = F784FD3F1F0CD59E00A3E44C;
			remoteInfo = Cau2_GCD_NSURlSession_b;
		};
/* End PBXContainerItemProxy section */

/* Begin PBXFileReference section */
		F784FD401F0CD59E00A3E44C /* Cau2_GCD_NSURlSession_b.app */ = {isa = PBXFileReference; explicitFileType = wrapper.application; includeInIndex = 0; path = Cau2_GCD_NSURlSession_b.app; sourceTree = BUILT_PRODUCTS_DIR; };
		F784FD431F0CD59E00A3E44C /* AppDelegate.swift */ = {isa = PBXFileReference; lastKnownFileType = sourcecode.swift; path = AppDelegate.swift; sourceTree = "<group>"; };
		F784FD451F0CD59E00A3E44C /* ViewController.swift */ = {isa = PBXFileReference; lastKnownFileType = sourcecode.swift; path = ViewController.swift; sourceTree = "<group>"; };
		F784FD481F0CD59E00A3E44C /* Base */ = {isa = PBXFileReference; lastKnownFileType = file.storyboard; name = Base; path = Base.lproj/Main.storyboard; sourceTree = "<group>"; };
		F784FD4A1F0CD59E00A3E44C /* Assets.xcassets */ = {isa = PBXFileReference; lastKnownFileType = folder.assetcatalog; path = Assets.xcassets; sourceTree = "<group>"; };
		F784FD4D1F0CD59E00A3E44C /* Base */ = {isa = PBXFileReference; lastKnownFileType = file.storyboard; name = Base; path = Base.lproj/LaunchScreen.storyboard; sourceTree = "<group>"; };
		F784FD4F1F0CD59E00A3E44C /* Info.plist */ = {isa = PBXFileReference; lastKnownFileType = text.plist.xml; path = Info.plist; sourceTree = "<group>"; };
		F784FD541F0CD59E00A3E44C /* Cau2_GCD_NSURlSession_bTests.xctest */ = {isa = PBXFileReference; explicitFileType = wrapper.cfbundle; includeInIndex = 0; path = Cau2_GCD_NSURlSession_bTests.xctest; sourceTree = BUILT_PRODUCTS_DIR; };
		F784FD581F0CD59E00A3E44C /* Cau2_GCD_NSURlSession_bTests.swift */ = {isa = PBXFileReference; lastKnownFileType = sourcecode.swift; path = Cau2_GCD_NSURlSession_bTests.swift; sourceTree = "<group>"; };
		F784FD5A1F0CD59E00A3E44C /* Info.plist */ = {isa = PBXFileReference; lastKnownFileType = text.plist.xml; path = Info.plist; sourceTree = "<group>"; };
		F784FD5F1F0CD59E00A3E44C /* Cau2_GCD_NSURlSession_bUITests.xctest */ = {isa = PBXFileReference; explicitFileType = wrapper.cfbundle; includeInIndex = 0; path = Cau2_GCD_NSURlSession_bUITests.xctest; sourceTree = BUILT_PRODUCTS_DIR; };
		F784FD631F0CD59E00A3E44C /* Cau2_GCD_NSURlSession_bUITests.swift */ = {isa = PBXFileReference; lastKnownFileType = sourcecode.swift; path = Cau2_GCD_NSURlSession_bUITests.swift; sourceTree = "<group>"; };
		F784FD651F0CD59E00A3E44C /* Info.plist */ = {isa = PBXFileReference; lastKnownFileType = text.plist.xml; path = Info.plist; sourceTree = "<group>"; };
/* End PBXFileReference section */

/* Begin PBXFrameworksBuildPhase section */
		F784FD3D1F0CD59E00A3E44C /* Frameworks */ = {
			isa = PBXFrameworksBuildPhase;
			buildActionMask = 2147483647;
			files = (
			);
			runOnlyForDeploymentPostprocessing = 0;
		};
		F784FD511F0CD59E00A3E44C /* Frameworks */ = {
			isa = PBXFrameworksBuildPhase;
			buildActionMask = 2147483647;
			files = (
			);
			runOnlyForDeploymentPostprocessing = 0;
		};
		F784FD5C1F0CD59E00A3E44C /* Frameworks */ = {
			isa = PBXFrameworksBuildPhase;
			buildActionMask = 2147483647;
			files = (
			);
			runOnlyForDeploymentPostprocessing = 0;
		};
/* End PBXFrameworksBuildPhase section */

/* Begin PBXGroup section */
		F784FD371F0CD59E00A3E44C = {
			isa = PBXGroup;
			children = (
				F784FD421F0CD59E00A3E44C /* Cau2_GCD_NSURlSession_b */,
				F784FD571F0CD59E00A3E44C /* Cau2_GCD_NSURlSession_bTests */,
				F784FD621F0CD59E00A3E44C /* Cau2_GCD_NSURlSession_bUITests */,
				F784FD411F0CD59E00A3E44C /* Products */,
			);
			sourceTree = "<group>";
		};
		F784FD411F0CD59E00A3E44C /* Products */ = {
			isa = PBXGroup;
			children = (
				F784FD401F0CD59E00A3E44C /* Cau2_GCD_NSURlSession_b.app */,
				F784FD541F0CD59E00A3E44C /* Cau2_GCD_NSURlSession_bTests.xctest */,
				F784FD5F1F0CD59E00A3E44C /* Cau2_GCD_NSURlSession_bUITests.xctest */,
			);
			name = Products;
			sourceTree = "<group>";
		};
		F784FD421F0CD59E00A3E44C /* Cau2_GCD_NSURlSession_b */ = {
			isa = PBXGroup;
			children = (
				F784FD431F0CD59E00A3E44C /* AppDelegate.swift */,
				F784FD451F0CD59E00A3E44C /* ViewController.swift */,
				F784FD471F0CD59E00A3E44C /* Main.storyboard */,
				F784FD4A1F0CD59E00A3E44C /* Assets.xcassets */,
				F784FD4C1F0CD59E00A3E44C /* LaunchScreen.storyboard */,
				F784FD4F1F0CD59E00A3E44C /* Info.plist */,
			);
			path = Cau2_GCD_NSURlSession_b;
			sourceTree = "<group>";
		};
		F784FD571F0CD59E00A3E44C /* Cau2_GCD_NSURlSession_bTests */ = {
			isa = PBXGroup;
			children = (
				F784FD581F0CD59E00A3E44C /* Cau2_GCD_NSURlSession_bTests.swift */,
				F784FD5A1F0CD59E00A3E44C /* Info.plist */,
			);
			path = Cau2_GCD_NSURlSession_bTests;
			sourceTree = "<group>";
		};
		F784FD621F0CD59E00A3E44C /* Cau2_GCD_NSURlSession_bUITests */ = {
			isa = PBXGroup;
			children = (
				F784FD631F0CD59E00A3E44C /* Cau2_GCD_NSURlSession_bUITests.swift */,
				F784FD651F0CD59E00A3E44C /* Info.plist */,
			);
			path = Cau2_GCD_NSURlSession_bUITests;
			sourceTree = "<group>";
		};
/* End PBXGroup section */

/* Begin PBXNativeTarget section */
		F784FD3F1F0CD59E00A3E44C /* Cau2_GCD_NSURlSession_b */ = {
			isa = PBXNativeTarget;
			buildConfigurationList = F784FD681F0CD59E00A3E44C /* Build configuration list for PBXNativeTarget "Cau2_GCD_NSURlSession_b" */;
			buildPhases = (
				F784FD3C1F0CD59E00A3E44C /* Sources */,
				F784FD3D1F0CD59E00A3E44C /* Frameworks */,
				F784FD3E1F0CD59E00A3E44C /* Resources */,
			);
			buildRules = (
			);
			dependencies = (
			);
			name = Cau2_GCD_NSURlSession_b;
			productName = Cau2_GCD_NSURlSession_b;
			productReference = F784FD401F0CD59E00A3E44C /* Cau2_GCD_NSURlSession_b.app */;
			productType = "com.apple.product-type.application";
		};
		F784FD531F0CD59E00A3E44C /* Cau2_GCD_NSURlSession_bTests */ = {
			isa = PBXNativeTarget;
			buildConfigurationList = F784FD6B1F0CD59E00A3E44C /* Build configuration list for PBXNativeTarget "Cau2_GCD_NSURlSession_bTests" */;
			buildPhases = (
				F784FD501F0CD59E00A3E44C /* Sources */,
				F784FD511F0CD59E00A3E44C /* Frameworks */,
				F784FD521F0CD59E00A3E44C /* Resources */,
			);
			buildRules = (
			);
			dependencies = (
				F784FD561F0CD59E00A3E44C /* PBXTargetDependency */,
			);
			name = Cau2_GCD_NSURlSession_bTests;
			productName = Cau2_GCD_NSURlSession_bTests;
			productReference = F784FD541F0CD59E00A3E44C /* Cau2_GCD_NSURlSession_bTests.xctest */;
			productType = "com.apple.product-type.bundle.unit-test";
		};
		F784FD5E1F0CD59E00A3E44C /* Cau2_GCD_NSURlSession_bUITests */ = {
			isa = PBXNativeTarget;
			buildConfigurationList = F784FD6E1F0CD59E00A3E44C /* Build configuration list for PBXNativeTarget "Cau2_GCD_NSURlSession_bUITests" */;
			buildPhases = (
				F784FD5B1F0CD59E00A3E44C /* Sources */,
				F784FD5C1F0CD59E00A3E44C /* Frameworks */,
				F784FD5D1F0CD59E00A3E44C /* Resources */,
			);
			buildRules = (
			);
			dependencies = (
				F784FD611F0CD59E00A3E44C /* PBXTargetDependency */,
			);
			name = Cau2_GCD_NSURlSession_bUITests;
			productName = Cau2_GCD_NSURlSession_bUITests;
			productReference = F784FD5F1F0CD59E00A3E44C /* Cau2_GCD_NSURlSession_bUITests.xctest */;
			productType = "com.apple.product-type.bundle.ui-testing";
		};
/* End PBXNativeTarget section */

/* Begin PBXProject section */
		F784FD381F0CD59E00A3E44C /* Project object */ = {
			isa = PBXProject;
			attributes = {
				LastSwiftUpdateCheck = 0830;
				LastUpgradeCheck = 0830;
				ORGANIZATIONNAME = Cntt03;
				TargetAttributes = {
					F784FD3F1F0CD59E00A3E44C = {
						CreatedOnToolsVersion = 8.3;
						ProvisioningStyle = Automatic;
					};
					F784FD531F0CD59E00A3E44C = {
						CreatedOnToolsVersion = 8.3;
						ProvisioningStyle = Automatic;
						TestTargetID = F784FD3F1F0CD59E00A3E44C;
					};
					F784FD5E1F0CD59E00A3E44C = {
						CreatedOnToolsVersion = 8.3;
						ProvisioningStyle = Automatic;
						TestTargetID = F784FD3F1F0CD59E00A3E44C;
					};
				};
			};
			buildConfigurationList = F784FD3B1F0CD59E00A3E44C /* Build configuration list for PBXProject "Cau2_GCD_NSURlSession_b" */;
			compatibilityVersion = "Xcode 3.2";
			developmentRegion = English;
			hasScannedForEncodings = 0;
			knownRegions = (
				en,
				Base,
			);
			mainGroup = F784FD371F0CD59E00A3E44C;
			productRefGroup = F784FD411F0CD59E00A3E44C /* Products */;
			projectDirPath = "";
			projectRoot = "";
			targets = (
				F784FD3F1F0CD59E00A3E44C /* Cau2_GCD_NSURlSession_b */,
				F784FD531F0CD59E00A3E44C /* Cau2_GCD_NSURlSession_bTests */,
				F784FD5E1F0CD59E00A3E44C /* Cau2_GCD_NSURlSession_bUITests */,
			);
		};
/* End PBXProject section */

/* Begin PBXResourcesBuildPhase section */
		F784FD3E1F0CD59E00A3E44C /* Resources */ = {
			isa = PBXResourcesBuildPhase;
			buildActionMask = 2147483647;
			files = (
				F784FD4E1F0CD59E00A3E44C /* LaunchScreen.storyboard in Resources */,
				F784FD4B1F0CD59E00A3E44C /* Assets.xcassets in Resources */,
				F784FD491F0CD59E00A3E44C /* Main.storyboard in Resources */,
			);
			runOnlyForDeploymentPostprocessing = 0;
		};
		F784FD521F0CD59E00A3E44C /* Resources */ = {
			isa = PBXResourcesBuildPhase;
			buildActionMask = 2147483647;
			files = (
			);
			runOnlyForDeploymentPostprocessing = 0;
		};
		F784FD5D1F0CD59E00A3E44C /* Resources */ = {
			isa = PBXResourcesBuildPhase;
			buildActionMask = 2147483647;
			files = (
			);
			runOnlyForDeploymentPostprocessing = 0;
		};
/* End PBXResourcesBuildPhase section */

/* Begin PBXSourcesBuildPhase section */
		F784FD3C1F0CD59E00A3E44C /* Sources */ = {
			isa = PBXSourcesBuildPhase;
			buildActionMask = 2147483647;
			files = (
				F784FD461F0CD59E00A3E44C /* ViewController.swift in Sources */,
				F784FD441F0CD59E00A3E44C /* AppDelegate.swift in Sources */,
			);
			runOnlyForDeploymentPostprocessing = 0;
		};
		F784FD501F0CD59E00A3E44C /* Sources */ = {
			isa = PBXSourcesBuildPhase;
			buildActionMask = 2147483647;
			files = (
				F784FD591F0CD59E00A3E44C /* Cau2_GCD_NSURlSession_bTests.swift in Sources */,
			);
			runOnlyForDeploymentPostprocessing = 0;
		};
		F784FD5B1F0CD59E00A3E44C /* Sources */ = {
			isa = PBXSourcesBuildPhase;
			buildActionMask = 2147483647;
			files = (
				F784FD641F0CD59E00A3E44C /* Cau2_GCD_NSURlSession_bUITests.swift in Sources */,
			);
			runOnlyForDeploymentPostprocessing = 0;
		};
/* End PBXSourcesBuildPhase section */

/* Begin PBXTargetDependency section */
		F784FD561F0CD59E00A3E44C /* PBXTargetDependency */ = {
			isa = PBXTargetDependency;
			target = F784FD3F1F0CD59E00A3E44C /* Cau2_GCD_NSURlSession_b */;
			targetProxy = F784FD551F0CD59E00A3E44C /* PBXContainerItemProxy */;
		};
		F784FD611F0CD59E00A3E44C /* PBXTargetDependency */ = {
			isa = PBXTargetDependency;
			target = F784FD3F1F0CD59E00A3E44C /* Cau2_GCD_NSURlSession_b */;
			targetProxy = F784FD601F0CD59E00A3E44C /* PBXContainerItemProxy */;
		};
/* End PBXTargetDependency section */

/* Begin PBXVariantGroup section */
		F784FD471F0CD59E00A3E44C /* Main.storyboard */ = {
			isa = PBXVariantGroup;
			children = (
				F784FD481F0CD59E00A3E44C /* Base */,
			);
			name = Main.storyboard;
			sourceTree = "<group>";
		};
		F784FD4C1F0CD59E00A3E44C /* LaunchScreen.storyboard */ = {
			isa = PBXVariantGroup;
			children = (
				F784FD4D1F0CD59E00A3E44C /* Base */,
			);
			name = LaunchScreen.storyboard;
			sourceTree = "<group>";
		};
/* End PBXVariantGroup section */

/* Begin XCBuildConfiguration section */
		F784FD661F0CD59E00A3E44C /* Debug */ = {
			isa = XCBuildConfiguration;
			buildSettings = {
				ALWAYS_SEARCH_USER_PATHS = NO;
				CLANG_ANALYZER_NONNULL = YES;
				CLANG_ANALYZER_NUMBER_OBJECT_CONVERSION = YES_AGGRESSIVE;
				CLANG_CXX_LANGUAGE_STANDARD = "gnu++0x";
				CLANG_CXX_LIBRARY = "libc++";
				CLANG_ENABLE_MODULES = YES;
				CLANG_ENABLE_OBJC_ARC = YES;
				CLANG_WARN_BOOL_CONVERSION = YES;
				CLANG_WARN_CONSTANT_CONVERSION = YES;
				CLANG_WARN_DIRECT_OBJC_ISA_USAGE = YES_ERROR;
				CLANG_WARN_DOCUMENTATION_COMMENTS = YES;
				CLANG_WARN_EMPTY_BODY = YES;
				CLANG_WARN_ENUM_CONVERSION = YES;
				CLANG_WARN_INFINITE_RECURSION = YES;
				CLANG_WARN_INT_CONVERSION = YES;
				CLANG_WARN_OBJC_ROOT_CLASS = YES_ERROR;
				CLANG_WARN_SUSPICIOUS_MOVE = YES;
				CLANG_WARN_UNREACHABLE_CODE = YES;
				CLANG_WARN__DUPLICATE_METHOD_MATCH = YES;
				"CODE_SIGN_IDENTITY[sdk=iphoneos*]" = "iPhone Developer";
				COPY_PHASE_STRIP = NO;
				DEBUG_INFORMATION_FORMAT = dwarf;
				ENABLE_STRICT_OBJC_MSGSEND = YES;
				ENABLE_TESTABILITY = YES;
				GCC_C_LANGUAGE_STANDARD = gnu99;
				GCC_DYNAMIC_NO_PIC = NO;
				GCC_NO_COMMON_BLOCKS = YES;
				GCC_OPTIMIZATION_LEVEL = 0;
				GCC_PREPROCESSOR_DEFINITIONS = (
					"DEBUG=1",
					"$(inherited)",
				);
				GCC_WARN_64_TO_32_BIT_CONVERSION = YES;
				GCC_WARN_ABOUT_RETURN_TYPE = YES_ERROR;
				GCC_WARN_UNDECLARED_SELECTOR = YES;
				GCC_WARN_UNINITIALIZED_AUTOS = YES_AGGRESSIVE;
				GCC_WARN_UNUSED_FUNCTION = YES;
				GCC_WARN_UNUSED_VARIABLE = YES;
				IPHONEOS_DEPLOYMENT_TARGET = 10.3;
				MTL_ENABLE_DEBUG_INFO = YES;
				ONLY_ACTIVE_ARCH = YES;
				SDKROOT = iphoneos;
				SWIFT_ACTIVE_COMPILATION_CONDITIONS = DEBUG;
				SWIFT_OPTIMIZATION_LEVEL = "-Onone";
				TARGETED_DEVICE_FAMILY = "1,2";
			};
			name = Debug;
		};
		F784FD671F0CD59E00A3E44C /* Release */ = {
			isa = XCBuildConfiguration;
			buildSettings = {
				ALWAYS_SEARCH_USER_PATHS = NO;
				CLANG_ANALYZER_NONNULL = YES;
				CLANG_ANALYZER_NUMBER_OBJECT_CONVERSION = YES_AGGRESSIVE;
				CLANG_CXX_LANGUAGE_STANDARD = "gnu++0x";
				CLANG_CXX_LIBRARY = "libc++";
				CLANG_ENABLE_MODULES = YES;
				CLANG_ENABLE_OBJC_ARC = YES;
				CLANG_WARN_BOOL_CONVERSION = YES;
				CLANG_WARN_CONSTANT_CONVERSION = YES;
				CLANG_WARN_DIRECT_OBJC_ISA_USAGE = YES_ERROR;
				CLANG_WARN_DOCUMENTATION_COMMENTS = YES;
				CLANG_WARN_EMPTY_BODY = YES;
				CLANG_WARN_ENUM_CONVERSION = YES;
				CLANG_WARN_INFINITE_RECURSION = YES;
				CLANG_WARN_INT_CONVERSION = YES;
				CLANG_WARN_OBJC_ROOT_CLASS = YES_ERROR;
				CLANG_WARN_SUSPICIOUS_MOVE = YES;
				CLANG_WARN_UNREACHABLE_CODE = YES;
				CLANG_WARN__DUPLICATE_METHOD_MATCH = YES;
				"CODE_SIGN_IDENTITY[sdk=iphoneos*]" = "iPhone Developer";
				COPY_PHASE_STRIP = NO;
				DEBUG_INFORMATION_FORMAT = "dwarf-with-dsym";
				ENABLE_NS_ASSERTIONS = NO;
				ENABLE_STRICT_OBJC_MSGSEND = YES;
				GCC_C_LANGUAGE_STANDARD = gnu99;
				GCC_NO_COMMON_BLOCKS = YES;
				GCC_WARN_64_TO_32_BIT_CONVERSION = YES;
				GCC_WARN_ABOUT_RETURN_TYPE = YES_ERROR;
				GCC_WARN_UNDECLARED_SELECTOR = YES;
				GCC_WARN_UNINITIALIZED_AUTOS = YES_AGGRESSIVE;
				GCC_WARN_UNUSED_FUNCTION = YES;
				GCC_WARN_UNUSED_VARIABLE = YES;
				IPHONEOS_DEPLOYMENT_TARGET = 10.3;
				MTL_ENABLE_DEBUG_INFO = NO;
				SDKROOT = iphoneos;
				SWIFT_OPTIMIZATION_LEVEL = "-Owholemodule";
				TARGETED_DEVICE_FAMILY = "1,2";
				VALIDATE_PRODUCT = YES;
			};
			name = Release;
		};
		F784FD691F0CD59E00A3E44C /* Debug */ = {
			isa = XCBuildConfiguration;
			buildSettings = {
				ASSETCATALOG_COMPILER_APPICON_NAME = AppIcon;
				INFOPLIST_FILE = Cau2_GCD_NSURlSession_b/Info.plist;
				LD_RUNPATH_SEARCH_PATHS = "$(inherited) @executable_path/Frameworks";
				PRODUCT_BUNDLE_IDENTIFIER = "itute.Cau2-GCD-NSURlSession-b";
				PRODUCT_NAME = "$(TARGET_NAME)";
				SWIFT_VERSION = 3.0;
			};
			name = Debug;
		};
		F784FD6A1F0CD59E00A3E44C /* Release */ = {
			isa = XCBuildConfiguration;
			buildSettings = {
				ASSETCATALOG_COMPILER_APPICON_NAME = AppIcon;
				INFOPLIST_FILE = Cau2_GCD_NSURlSession_b/Info.plist;
				LD_RUNPATH_SEARCH_PATHS = "$(inherited) @executable_path/Frameworks";
				PRODUCT_BUNDLE_IDENTIFIER = "itute.Cau2-GCD-NSURlSession-b";
				PRODUCT_NAME = "$(TARGET_NAME)";
				SWIFT_VERSION = 3.0;
			};
			name = Release;
		};
		F784FD6C1F0CD59E00A3E44C /* Debug */ = {
			isa = XCBuildConfiguration;
			buildSettings = {
				ALWAYS_EMBED_SWIFT_STANDARD_LIBRARIES = YES;
				BUNDLE_LOADER = "$(TEST_HOST)";
				INFOPLIST_FILE = Cau2_GCD_NSURlSession_bTests/Info.plist;
				LD_RUNPATH_SEARCH_PATHS = "$(inherited) @executable_path/Frameworks @loader_path/Frameworks";
				PRODUCT_BUNDLE_IDENTIFIER = "itute.Cau2-GCD-NSURlSession-bTests";
				PRODUCT_NAME = "$(TARGET_NAME)";
				SWIFT_VERSION = 3.0;
				TEST_HOST = "$(BUILT_PRODUCTS_DIR)/Cau2_GCD_NSURlSession_b.app/Cau2_GCD_NSURlSession_b";
			};
			name = Debug;
		};
		F784FD6D1F0CD59E00A3E44C /* Release */ = {
			isa = XCBuildConfiguration;
			buildSettings = {
				ALWAYS_EMBED_SWIFT_STANDARD_LIBRARIES = YES;
				BUNDLE_LOADER = "$(TEST_HOST)";
				INFOPLIST_FILE = Cau2_GCD_NSURlSession_bTests/Info.plist;
				LD_RUNPATH_SEARCH_PATHS = "$(inherited) @executable_path/Frameworks @loader_path/Frameworks";
				PRODUCT_BUNDLE_IDENTIFIER = "itute.Cau2-GCD-NSURlSession-bTests";
				PRODUCT_NAME = "$(TARGET_NAME)";
				SWIFT_VERSION = 3.0;
				TEST_HOST = "$(BUILT_PRODUCTS_DIR)/Cau2_GCD_NSURlSession_b.app/Cau2_GCD_NSURlSession_b";
			};
			name = Release;
		};
		F784FD6F1F0CD59E00A3E44C /* Debug */ = {
			isa = XCBuildConfiguration;
			buildSettings = {
				ALWAYS_EMBED_SWIFT_STANDARD_LIBRARIES = YES;
				INFOPLIST_FILE = Cau2_GCD_NSURlSession_bUITests/Info.plist;
				LD_RUNPATH_SEARCH_PATHS = "$(inherited) @executable_path/Frameworks @loader_path/Frameworks";
				PRODUCT_BUNDLE_IDENTIFIER = "itute.Cau2-GCD-NSURlSession-bUITests";
				PRODUCT_NAME = "$(TARGET_NAME)";
				SWIFT_VERSION = 3.0;
				TEST_TARGET_NAME = Cau2_GCD_NSURlSession_b;
			};
			name = Debug;
		};
		F784FD701F0CD59E00A3E44C /* Release */ = {
			isa = XCBuildConfiguration;
			buildSettings = {
				ALWAYS_EMBED_SWIFT_STANDARD_LIBRARIES = YES;
				INFOPLIST_FILE = Cau2_GCD_NSURlSession_bUITests/Info.plist;
				LD_RUNPATH_SEARCH_PATHS = "$(inherited) @executable_path/Frameworks @loader_path/Frameworks";
				PRODUCT_BUNDLE_IDENTIFIER = "itute.Cau2-GCD-NSURlSession-bUITests";
				PRODUCT_NAME = "$(TARGET_NAME)";
				SWIFT_VERSION = 3.0;
				TEST_TARGET_NAME = Cau2_GCD_NSURlSession_b;
			};
			name = Release;
		};
/* End XCBuildConfiguration section */

/* Begin XCConfigurationList section */
		F784FD3B1F0CD59E00A3E44C /* Build configuration list for PBXProject "Cau2_GCD_NSURlSession_b" */ = {
			isa = XCConfigurationList;
			buildConfigurations = (
				F784FD661F0CD59E00A3E44C /* Debug */,
				F784FD671F0CD59E00A3E44C /* Release */,
			);
			defaultConfigurationIsVisible = 0;
			defaultConfigurationName = Release;
		};
		F784FD681F0CD59E00A3E44C /* Build configuration list for PBXNativeTarget "Cau2_GCD_NSURlSession_b" */ = {
			isa = XCConfigurationList;
			buildConfigurations = (
				F784FD691F0CD59E00A3E44C /* Debug */,
				F784FD6A1F0CD59E00A3E44C /* Release */,
			);
			defaultConfigurationIsVisible = 0;
		};
		F784FD6B1F0CD59E00A3E44C /* Build configuration list for PBXNativeTarget "Cau2_GCD_NSURlSession_bTests" */ = {
			isa = XCConfigurationList;
			buildConfigurations = (
				F784FD6C1F0CD59E00A3E44C /* Debug */,
				F784FD6D1F0CD59E00A3E44C /* Release */,
			);
			defaultConfigurationIsVisible = 0;
		};
		F784FD6E1F0CD59E00A3E44C /* Build configuration list for PBXNativeTarget "Cau2_GCD_NSURlSession_bUITests" */ = {
			isa = XCConfigurationList;
			buildConfigurations = (
				F784FD6F1F0CD59E00A3E44C /* Debug */,
				F784FD701F0CD59E00A3E44C /* Release */,
			);
			defaultConfigurationIsVisible = 0;
		};
/* End XCConfigurationList section */
	};
	rootObject = F784FD381F0CD59E00A3E44C /* Project object */;
}
